
Microsoft Visual Studio Solution File, Format Version 12.00
# Visual Studio Version 16
VisualStudioVersion = 25.0.1703.7
MinimumVisualStudioVersion = 10.0.40219.1
Project("{FAE04EC0-301F-11D3-BF4B-00C04F79EFBC}") = "AtividadesApi", "AtividadesApi\AtividadesApi.csproj", "{4FB5D4A7-E018-4BF4-9ED7-D22FC64E056A}"
EndProject
Global
	GlobalSection(SolutionConfigurationPlatforms) = preSolution
		Debug|Any CPU = Debug|Any CPU
		Release|Any CPU = Release|Any CPU
	EndGlobalSection
	GlobalSection(ProjectConfigurationPlatforms) = postSolution
		{4FB5D4A7-E018-4BF4-9ED7-D22FC64E056A}.Debug|Any CPU.ActiveCfg = Debug|Any CPU
		{4FB5D4A7-E018-4BF4-9ED7-D22FC64E056A}.Debug|Any CPU.Build.0 = Debug|Any CPU
		{4FB5D4A7-E018-4BF4-9ED7-D22FC64E056A}.Release|Any CPU.ActiveCfg = Release|Any CPU
		{4FB5D4A7-E018-4BF4-9ED7-D22FC64E056A}.Release|Any CPU.Build.0 = Release|Any CPU
	EndGlobalSection
	GlobalSection(SolutionProperties) = preSolution
		HideSolutionNode = FALSE
	EndGlobalSection
	GlobalSection(ExtensibilityGlobals) = postSolution
		SolutionGuid = {E962722B-9203-42A3-9D92-B7574A7E6385}
	EndGlobalSection
EndGlobal
